
Microsoft Visual Studio Solution File, Format Version 12.00
# Visual Studio Version 16
VisualStudioVersion = 25.0.1704.0
MinimumVisualStudioVersion = 10.0.40219.1
Project("{FAE04EC0-301F-11D3-BF4B-00C04F79EFBC}") = "Project9", "Project9\Project9.csproj", "{1DD258F8-26A4-4E31-AA3A-75CD96EBE821}"
EndProject
Project("{FAE04EC0-301F-11D3-BF4B-00C04F79EFBC}") = "Laba10", "Laba11\Laba10.csproj", "{802D87B4-0CCF-4AA3-856A-88544FAEFBE1}"
EndProject
Global
	GlobalSection(SolutionConfigurationPlatforms) = preSolution
		Debug|Any CPU = Debug|Any CPU
		Release|Any CPU = Release|Any CPU
	EndGlobalSection
	GlobalSection(ProjectConfigurationPlatforms) = postSolution
		{1DD258F8-26A4-4E31-AA3A-75CD96EBE821}.Debug|Any CPU.ActiveCfg = Debug|Any CPU
		{1DD258F8-26A4-4E31-AA3A-75CD96EBE821}.Debug|Any CPU.Build.0 = Debug|Any CPU
		{1DD258F8-26A4-4E31-AA3A-75CD96EBE821}.Release|Any CPU.ActiveCfg = Release|Any CPU
		{1DD258F8-26A4-4E31-AA3A-75CD96EBE821}.Release|Any CPU.Build.0 = Release|Any CPU
		{802D87B4-0CCF-4AA3-856A-88544FAEFBE1}.Debug|Any CPU.ActiveCfg = Debug|Any CPU
		{802D87B4-0CCF-4AA3-856A-88544FAEFBE1}.Debug|Any CPU.Build.0 = Debug|Any CPU
		{802D87B4-0CCF-4AA3-856A-88544FAEFBE1}.Release|Any CPU.ActiveCfg = Release|Any CPU
		{802D87B4-0CCF-4AA3-856A-88544FAEFBE1}.Release|Any CPU.Build.0 = Release|Any CPU
	EndGlobalSection
	GlobalSection(SolutionProperties) = preSolution
		HideSolutionNode = FALSE
	EndGlobalSection
	GlobalSection(ExtensibilityGlobals) = postSolution
		SolutionGuid = {D4D4B6CA-5B93-4983-A167-C3092EA836B5}
	EndGlobalSection
EndGlobal
